
Microsoft Visual Studio Solution File, Format Version 12.00
# Visual Studio Version 17
VisualStudioVersion = 17.5.33516.290
MinimumVisualStudioVersion = 10.0.40219.1
Project("{FAE04EC0-301F-11D3-BF4B-00C04F79EFBC}") = "webapidersi", "webapidersi\webapidersi.csproj", "{1D198706-C3FB-4336-95C6-1862153E0A8B}"
EndProject
Global
	GlobalSection(SolutionConfigurationPlatforms) = preSolution
		Debug|Any CPU = Debug|Any CPU
		Release|Any CPU = Release|Any CPU
	EndGlobalSection
	GlobalSection(ProjectConfigurationPlatforms) = postSolution
		{1D198706-C3FB-4336-95C6-1862153E0A8B}.Debug|Any CPU.ActiveCfg = Debug|Any CPU
		{1D198706-C3FB-4336-95C6-1862153E0A8B}.Debug|Any CPU.Build.0 = Debug|Any CPU
		{1D198706-C3FB-4336-95C6-1862153E0A8B}.Release|Any CPU.ActiveCfg = Release|Any CPU
		{1D198706-C3FB-4336-95C6-1862153E0A8B}.Release|Any CPU.Build.0 = Release|Any CPU
	EndGlobalSection
	GlobalSection(SolutionProperties) = preSolution
		HideSolutionNode = FALSE
	EndGlobalSection
	GlobalSection(ExtensibilityGlobals) = postSolution
		SolutionGuid = {A3ACEDE6-F46B-44CF-BE49-6B44A923C94B}
	EndGlobalSection
EndGlobal
